
Microsoft Visual Studio Solution File, Format Version 11.00
# Visual Studio 2010
Project("{8BC9CEB8-8B4A-11D0-8D11-00A0C91BC942}") = "platform_game", "platform_game\platform_game.vcxproj", "{97E25D74-201D-402E-B11D-0C7FD8DBB527}"
EndProject
Global
	GlobalSection(SolutionConfigurationPlatforms) = preSolution
		Debug|Win32 = Debug|Win32
		Release|Win32 = Release|Win32
	EndGlobalSection
	GlobalSection(ProjectConfigurationPlatforms) = postSolution
		{97E25D74-201D-402E-B11D-0C7FD8DBB527}.Debug|Win32.ActiveCfg = Debug|Win32
		{97E25D74-201D-402E-B11D-0C7FD8DBB527}.Debug|Win32.Build.0 = Debug|Win32
		{97E25D74-201D-402E-B11D-0C7FD8DBB527}.Release|Win32.ActiveCfg = Release|Win32
		{97E25D74-201D-402E-B11D-0C7FD8DBB527}.Release|Win32.Build.0 = Release|Win32
	EndGlobalSection
	GlobalSection(SolutionProperties) = preSolution
		HideSolutionNode = FALSE
	EndGlobalSection
EndGlobal
