
Microsoft Visual Studio Solution File, Format Version 11.00
# Visual Studio 2010
Project("{8BC9CEB8-8B4A-11D0-8D11-00A0C91BC942}") = "runner", "runner\runner.vcxproj", "{F473F787-F268-40A3-AA6E-7B48AE7DCD08}"
EndProject
Global
	GlobalSection(SolutionConfigurationPlatforms) = preSolution
		Debug|Win32 = Debug|Win32
		Release|Win32 = Release|Win32
	EndGlobalSection
	GlobalSection(ProjectConfigurationPlatforms) = postSolution
		{F473F787-F268-40A3-AA6E-7B48AE7DCD08}.Debug|Win32.ActiveCfg = Debug|Win32
		{F473F787-F268-40A3-AA6E-7B48AE7DCD08}.Debug|Win32.Build.0 = Debug|Win32
		{F473F787-F268-40A3-AA6E-7B48AE7DCD08}.Release|Win32.ActiveCfg = Release|Win32
		{F473F787-F268-40A3-AA6E-7B48AE7DCD08}.Release|Win32.Build.0 = Release|Win32
	EndGlobalSection
	GlobalSection(SolutionProperties) = preSolution
		HideSolutionNode = FALSE
	EndGlobalSection
EndGlobal
